
Microsoft Visual Studio Solution File, Format Version 12.00
# Visual Studio 14
VisualStudioVersion = 14.0.25420.1
MinimumVisualStudioVersion = 10.0.40219.1
Project("{FAE04EC0-301F-11D3-BF4B-00C04F79EFBC}") = "HibbinzA2.Droid", "HibbinzA2\HibbinzA2.Droid\HibbinzA2.Droid.csproj", "{455D8F9E-C40A-4FFC-B90B-24ADC7FF6406}"
EndProject
Project("{FAE04EC0-301F-11D3-BF4B-00C04F79EFBC}") = "HibbinzA2.iOS", "HibbinzA2\HibbinzA2.iOS\HibbinzA2.iOS.csproj", "{43A8E83E-1C8F-4DA3-A720-73E345EC481B}"
EndProject
Project("{FAE04EC0-301F-11D3-BF4B-00C04F79EFBC}") = "HibbinzA2.UWP", "HibbinzA2\HibbinzA2.UWP\HibbinzA2.UWP.csproj", "{79258903-5762-4DF5-A964-0941B3E60E53}"
EndProject
Project("{FAE04EC0-301F-11D3-BF4B-00C04F79EFBC}") = "HibbinzA2.Windows", "HibbinzA2\HibbinzA2.Windows\HibbinzA2.Windows.csproj", "{D2147492-DD61-4766-A8C5-CF08D901AC22}"
EndProject
Project("{FAE04EC0-301F-11D3-BF4B-00C04F79EFBC}") = "HibbinzA2", "HibbinzA2\HibbinzA2\HibbinzA2.csproj", "{7E14703D-9C63-480B-ADB9-9576FA3550E0}"
EndProject
Global
	GlobalSection(SolutionConfigurationPlatforms) = preSolution
		Ad-Hoc|Any CPU = Ad-Hoc|Any CPU
		Ad-Hoc|ARM = Ad-Hoc|ARM
		Ad-Hoc|iPhone = Ad-Hoc|iPhone
		Ad-Hoc|iPhoneSimulator = Ad-Hoc|iPhoneSimulator
		Ad-Hoc|x64 = Ad-Hoc|x64
		Ad-Hoc|x86 = Ad-Hoc|x86
		AppStore|Any CPU = AppStore|Any CPU
		AppStore|ARM = AppStore|ARM
		AppStore|iPhone = AppStore|iPhone
		AppStore|iPhoneSimulator = AppStore|iPhoneSimulator
		AppStore|x64 = AppStore|x64
		AppStore|x86 = AppStore|x86
		Debug|Any CPU = Debug|Any CPU
		Debug|ARM = Debug|ARM
		Debug|iPhone = Debug|iPhone
		Debug|iPhoneSimulator = Debug|iPhoneSimulator
		Debug|x64 = Debug|x64
		Debug|x86 = Debug|x86
		Release|Any CPU = Release|Any CPU
		Release|ARM = Release|ARM
		Release|iPhone = Release|iPhone
		Release|iPhoneSimulator = Release|iPhoneSimulator
		Release|x64 = Release|x64
		Release|x86 = Release|x86
	EndGlobalSection
	GlobalSection(ProjectConfigurationPlatforms) = postSolution
		{455D8F9E-C40A-4FFC-B90B-24ADC7FF6406}.Ad-Hoc|Any CPU.ActiveCfg = Release|Any CPU
		{455D8F9E-C40A-4FFC-B90B-24ADC7FF6406}.Ad-Hoc|Any CPU.Build.0 = Release|Any CPU
		{455D8F9E-C40A-4FFC-B90B-24ADC7FF6406}.Ad-Hoc|Any CPU.Deploy.0 = Release|Any CPU
		{455D8F9E-C40A-4FFC-B90B-24ADC7FF6406}.Ad-Hoc|ARM.ActiveCfg = Release|Any CPU
		{455D8F9E-C40A-4FFC-B90B-24ADC7FF6406}.Ad-Hoc|ARM.Build.0 = Release|Any CPU
		{455D8F9E-C40A-4FFC-B90B-24ADC7FF6406}.Ad-Hoc|ARM.Deploy.0 = Release|Any CPU
		{455D8F9E-C40A-4FFC-B90B-24ADC7FF6406}.Ad-Hoc|iPhone.ActiveCfg = Release|Any CPU
		{455D8F9E-C40A-4FFC-B90B-24ADC7FF6406}.Ad-Hoc|iPhone.Build.0 = Release|Any CPU
		{455D8F9E-C40A-4FFC-B90B-24ADC7FF6406}.Ad-Hoc|iPhone.Deploy.0 = Release|Any CPU
		{455D8F9E-C40A-4FFC-B90B-24ADC7FF6406}.Ad-Hoc|iPhoneSimulator.ActiveCfg = Release|Any CPU
		{455D8F9E-C40A-4FFC-B90B-24ADC7FF6406}.Ad-Hoc|iPhoneSimulator.Build.0 = Release|Any CPU
		{455D8F9E-C40A-4FFC-B90B-24ADC7FF6406}.Ad-Hoc|iPhoneSimulator.Deploy.0 = Release|Any CPU
		{455D8F9E-C40A-4FFC-B90B-24ADC7FF6406}.Ad-Hoc|x64.ActiveCfg = Release|Any CPU
		{455D8F9E-C40A-4FFC-B90B-24ADC7FF6406}.Ad-Hoc|x64.Build.0 = Release|Any CPU
		{455D8F9E-C40A-4FFC-B90B-24ADC7FF6406}.Ad-Hoc|x64.Deploy.0 = Release|Any CPU
		{455D8F9E-C40A-4FFC-B90B-24ADC7FF6406}.Ad-Hoc|x86.ActiveCfg = Release|Any CPU
		{455D8F9E-C40A-4FFC-B90B-24ADC7FF6406}.Ad-Hoc|x86.Build.0 = Release|Any CPU
		{455D8F9E-C40A-4FFC-B90B-24ADC7FF6406}.Ad-Hoc|x86.Deploy.0 = Release|Any CPU
		{455D8F9E-C40A-4FFC-B90B-24ADC7FF6406}.AppStore|Any CPU.ActiveCfg = Release|Any CPU
		{455D8F9E-C40A-4FFC-B90B-24ADC7FF6406}.AppStore|Any CPU.Build.0 = Release|Any CPU
		{455D8F9E-C40A-4FFC-B90B-24ADC7FF6406}.AppStore|Any CPU.Deploy.0 = Release|Any CPU
		{455D8F9E-C40A-4FFC-B90B-24ADC7FF6406}.AppStore|ARM.ActiveCfg = Release|Any CPU
		{455D8F9E-C40A-4FFC-B90B-24ADC7FF6406}.AppStore|ARM.Build.0 = Release|Any CPU
		{455D8F9E-C40A-4FFC-B90B-24ADC7FF6406}.AppStore|ARM.Deploy.0 = Release|Any CPU
		{455D8F9E-C40A-4FFC-B90B-24ADC7FF6406}.AppStore|iPhone.ActiveCfg = Release|Any CPU
		{455D8F9E-C40A-4FFC-B90B-24ADC7FF6406}.AppStore|iPhone.Build.0 = Release|Any CPU
		{455D8F9E-C40A-4FFC-B90B-24ADC7FF6406}.AppStore|iPhone.Deploy.0 = Release|Any CPU
		{455D8F9E-C40A-4FFC-B90B-24ADC7FF6406}.AppStore|iPhoneSimulator.ActiveCfg = Release|Any CPU
		{455D8F9E-C40A-4FFC-B90B-24ADC7FF6406}.AppStore|iPhoneSimulator.Build.0 = Release|Any CPU
		{455D8F9E-C40A-4FFC-B90B-24ADC7FF6406}.AppStore|iPhoneSimulator.Deploy.0 = Release|Any CPU
		{455D8F9E-C40A-4FFC-B90B-24ADC7FF6406}.AppStore|x64.ActiveCfg = Release|Any CPU
		{455D8F9E-C40A-4FFC-B90B-24ADC7FF6406}.AppStore|x64.Build.0 = Release|Any CPU
		{455D8F9E-C40A-4FFC-B90B-24ADC7FF6406}.AppStore|x64.Deploy.0 = Release|Any CPU
		{455D8F9E-C40A-4FFC-B90B-24ADC7FF6406}.AppStore|x86.ActiveCfg = Release|Any CPU
		{455D8F9E-C40A-4FFC-B90B-24ADC7FF6406}.AppStore|x86.Build.0 = Release|Any CPU
		{455D8F9E-C40A-4FFC-B90B-24ADC7FF6406}.AppStore|x86.Deploy.0 = Release|Any CPU
		{455D8F9E-C40A-4FFC-B90B-24ADC7FF6406}.Debug|Any CPU.ActiveCfg = Debug|Any CPU
		{455D8F9E-C40A-4FFC-B90B-24ADC7FF6406}.Debug|Any CPU.Build.0 = Debug|Any CPU
		{455D8F9E-C40A-4FFC-B90B-24ADC7FF6406}.Debug|Any CPU.Deploy.0 = Debug|Any CPU
		{455D8F9E-C40A-4FFC-B90B-24ADC7FF6406}.Debug|ARM.ActiveCfg = Debug|Any CPU
		{455D8F9E-C40A-4FFC-B90B-24ADC7FF6406}.Debug|ARM.Build.0 = Debug|Any CPU
		{455D8F9E-C40A-4FFC-B90B-24ADC7FF6406}.Debug|ARM.Deploy.0 = Debug|Any CPU
		{455D8F9E-C40A-4FFC-B90B-24ADC7FF6406}.Debug|iPhone.ActiveCfg = Debug|Any CPU
		{455D8F9E-C40A-4FFC-B90B-24ADC7FF6406}.Debug|iPhone.Build.0 = Debug|Any CPU
		{455D8F9E-C40A-4FFC-B90B-24ADC7FF6406}.Debug|iPhone.Deploy.0 = Debug|Any CPU
		{455D8F9E-C40A-4FFC-B90B-24ADC7FF6406}.Debug|iPhoneSimulator.ActiveCfg = Debug|Any CPU
		{455D8F9E-C40A-4FFC-B90B-24ADC7FF6406}.Debug|iPhoneSimulator.Build.0 = Debug|Any CPU
		{455D8F9E-C40A-4FFC-B90B-24ADC7FF6406}.Debug|iPhoneSimulator.Deploy.0 = Debug|Any CPU
		{455D8F9E-C40A-4FFC-B90B-24ADC7FF6406}.Debug|x64.ActiveCfg = Debug|Any CPU
		{455D8F9E-C40A-4FFC-B90B-24ADC7FF6406}.Debug|x64.Build.0 = Debug|Any CPU
		{455D8F9E-C40A-4FFC-B90B-24ADC7FF6406}.Debug|x64.Deploy.0 = Debug|Any CPU
		{455D8F9E-C40A-4FFC-B90B-24ADC7FF6406}.Debug|x86.ActiveCfg = Debug|Any CPU
		{455D8F9E-C40A-4FFC-B90B-24ADC7FF6406}.Debug|x86.Build.0 = Debug|Any CPU
		{455D8F9E-C40A-4FFC-B90B-24ADC7FF6406}.Debug|x86.Deploy.0 = Debug|Any CPU
		{455D8F9E-C40A-4FFC-B90B-24ADC7FF6406}.Release|Any CPU.ActiveCfg = Release|Any CPU
		{455D8F9E-C40A-4FFC-B90B-24ADC7FF6406}.Release|Any CPU.Build.0 = Release|Any CPU
		{455D8F9E-C40A-4FFC-B90B-24ADC7FF6406}.Release|Any CPU.Deploy.0 = Release|Any CPU
		{455D8F9E-C40A-4FFC-B90B-24ADC7FF6406}.Release|ARM.ActiveCfg = Release|Any CPU
		{455D8F9E-C40A-4FFC-B90B-24ADC7FF6406}.Release|ARM.Build.0 = Release|Any CPU
		{455D8F9E-C40A-4FFC-B90B-24ADC7FF6406}.Release|ARM.Deploy.0 = Release|Any CPU
		{455D8F9E-C40A-4FFC-B90B-24ADC7FF6406}.Release|iPhone.ActiveCfg = Release|Any CPU
		{455D8F9E-C40A-4FFC-B90B-24ADC7FF6406}.Release|iPhone.Build.0 = Release|Any CPU
		{455D8F9E-C40A-4FFC-B90B-24ADC7FF6406}.Release|iPhone.Deploy.0 = Release|Any CPU
		{455D8F9E-C40A-4FFC-B90B-24ADC7FF6406}.Release|iPhoneSimulator.ActiveCfg = Release|Any CPU
		{455D8F9E-C40A-4FFC-B90B-24ADC7FF6406}.Release|iPhoneSimulator.Build.0 = Release|Any CPU
		{455D8F9E-C40A-4FFC-B90B-24ADC7FF6406}.Release|iPhoneSimulator.Deploy.0 = Release|Any CPU
		{455D8F9E-C40A-4FFC-B90B-24ADC7FF6406}.Release|x64.ActiveCfg = Release|Any CPU
		{455D8F9E-C40A-4FFC-B90B-24ADC7FF6406}.Release|x64.Build.0 = Release|Any CPU
		{455D8F9E-C40A-4FFC-B90B-24ADC7FF6406}.Release|x64.Deploy.0 = Release|Any CPU
		{455D8F9E-C40A-4FFC-B90B-24ADC7FF6406}.Release|x86.ActiveCfg = Release|Any CPU
		{455D8F9E-C40A-4FFC-B90B-24ADC7FF6406}.Release|x86.Build.0 = Release|Any CPU
		{455D8F9E-C40A-4FFC-B90B-24ADC7FF6406}.Release|x86.Deploy.0 = Release|Any CPU
		{43A8E83E-1C8F-4DA3-A720-73E345EC481B}.Ad-Hoc|Any CPU.ActiveCfg = Ad-Hoc|iPhone
		{43A8E83E-1C8F-4DA3-A720-73E345EC481B}.Ad-Hoc|ARM.ActiveCfg = Ad-Hoc|iPhone
		{43A8E83E-1C8F-4DA3-A720-73E345EC481B}.Ad-Hoc|iPhone.ActiveCfg = Ad-Hoc|iPhone
		{43A8E83E-1C8F-4DA3-A720-73E345EC481B}.Ad-Hoc|iPhone.Build.0 = Ad-Hoc|iPhone
		{43A8E83E-1C8F-4DA3-A720-73E345EC481B}.Ad-Hoc|iPhoneSimulator.ActiveCfg = Ad-Hoc|iPhoneSimulator
		{43A8E83E-1C8F-4DA3-A720-73E345EC481B}.Ad-Hoc|iPhoneSimulator.Build.0 = Ad-Hoc|iPhoneSimulator
		{43A8E83E-1C8F-4DA3-A720-73E345EC481B}.Ad-Hoc|x64.ActiveCfg = Ad-Hoc|iPhone
		{43A8E83E-1C8F-4DA3-A720-73E345EC481B}.Ad-Hoc|x86.ActiveCfg = Ad-Hoc|iPhone
		{43A8E83E-1C8F-4DA3-A720-73E345EC481B}.AppStore|Any CPU.ActiveCfg = AppStore|iPhone
		{43A8E83E-1C8F-4DA3-A720-73E345EC481B}.AppStore|ARM.ActiveCfg = AppStore|iPhone
		{43A8E83E-1C8F-4DA3-A720-73E345EC481B}.AppStore|iPhone.ActiveCfg = AppStore|iPhone
		{43A8E83E-1C8F-4DA3-A720-73E345EC481B}.AppStore|iPhone.Build.0 = AppStore|iPhone
		{43A8E83E-1C8F-4DA3-A720-73E345EC481B}.AppStore|iPhoneSimulator.ActiveCfg = AppStore|iPhoneSimulator
		{43A8E83E-1C8F-4DA3-A720-73E345EC481B}.AppStore|iPhoneSimulator.Build.0 = AppStore|iPhoneSimulator
		{43A8E83E-1C8F-4DA3-A720-73E345EC481B}.AppStore|x64.ActiveCfg = AppStore|iPhone
		{43A8E83E-1C8F-4DA3-A720-73E345EC481B}.AppStore|x86.ActiveCfg = AppStore|iPhone
		{43A8E83E-1C8F-4DA3-A720-73E345EC481B}.Debug|Any CPU.ActiveCfg = Debug|iPhone
		{43A8E83E-1C8F-4DA3-A720-73E345EC481B}.Debug|ARM.ActiveCfg = Debug|iPhone
		{43A8E83E-1C8F-4DA3-A720-73E345EC481B}.Debug|iPhone.ActiveCfg = Debug|iPhone
		{43A8E83E-1C8F-4DA3-A720-73E345EC481B}.Debug|iPhone.Build.0 = Debug|iPhone
		{43A8E83E-1C8F-4DA3-A720-73E345EC481B}.Debug|iPhoneSimulator.ActiveCfg = Debug|iPhoneSimulator
		{43A8E83E-1C8F-4DA3-A720-73E345EC481B}.Debug|iPhoneSimulator.Build.0 = Debug|iPhoneSimulator
		{43A8E83E-1C8F-4DA3-A720-73E345EC481B}.Debug|x64.ActiveCfg = Debug|iPhone
		{43A8E83E-1C8F-4DA3-A720-73E345EC481B}.Debug|x86.ActiveCfg = Debug|iPhone
		{43A8E83E-1C8F-4DA3-A720-73E345EC481B}.Release|Any CPU.ActiveCfg = Release|iPhone
		{43A8E83E-1C8F-4DA3-A720-73E345EC481B}.Release|ARM.ActiveCfg = Release|iPhone
		{43A8E83E-1C8F-4DA3-A720-73E345EC481B}.Release|iPhone.ActiveCfg = Release|iPhone
		{43A8E83E-1C8F-4DA3-A720-73E345EC481B}.Release|iPhone.Build.0 = Release|iPhone
		{43A8E83E-1C8F-4DA3-A720-73E345EC481B}.Release|iPhoneSimulator.ActiveCfg = Release|iPhoneSimulator
		{43A8E83E-1C8F-4DA3-A720-73E345EC481B}.Release|iPhoneSimulator.Build.0 = Release|iPhoneSimulator
		{43A8E83E-1C8F-4DA3-A720-73E345EC481B}.Release|x64.ActiveCfg = Release|iPhone
		{43A8E83E-1C8F-4DA3-A720-73E345EC481B}.Release|x86.ActiveCfg = Release|iPhone
		{79258903-5762-4DF5-A964-0941B3E60E53}.Ad-Hoc|Any CPU.ActiveCfg = Release|x86
		{79258903-5762-4DF5-A964-0941B3E60E53}.Ad-Hoc|Any CPU.Build.0 = Release|x86
		{79258903-5762-4DF5-A964-0941B3E60E53}.Ad-Hoc|Any CPU.Deploy.0 = Release|x86
		{79258903-5762-4DF5-A964-0941B3E60E53}.Ad-Hoc|ARM.ActiveCfg = Release|ARM
		{79258903-5762-4DF5-A964-0941B3E60E53}.Ad-Hoc|ARM.Build.0 = Release|ARM
		{79258903-5762-4DF5-A964-0941B3E60E53}.Ad-Hoc|ARM.Deploy.0 = Release|ARM
		{79258903-5762-4DF5-A964-0941B3E60E53}.Ad-Hoc|iPhone.ActiveCfg = Release|x86
		{79258903-5762-4DF5-A964-0941B3E60E53}.Ad-Hoc|iPhone.Build.0 = Release|x86
		{79258903-5762-4DF5-A964-0941B3E60E53}.Ad-Hoc|iPhone.Deploy.0 = Release|x86
		{79258903-5762-4DF5-A964-0941B3E60E53}.Ad-Hoc|iPhoneSimulator.ActiveCfg = Release|x86
		{79258903-5762-4DF5-A964-0941B3E60E53}.Ad-Hoc|iPhoneSimulator.Build.0 = Release|x86
		{79258903-5762-4DF5-A964-0941B3E60E53}.Ad-Hoc|iPhoneSimulator.Deploy.0 = Release|x86
		{79258903-5762-4DF5-A964-0941B3E60E53}.Ad-Hoc|x64.ActiveCfg = Release|x64
		{79258903-5762-4DF5-A964-0941B3E60E53}.Ad-Hoc|x64.Build.0 = Release|x64
		{79258903-5762-4DF5-A964-0941B3E60E53}.Ad-Hoc|x64.Deploy.0 = Release|x64
		{79258903-5762-4DF5-A964-0941B3E60E53}.Ad-Hoc|x86.ActiveCfg = Release|x86
		{79258903-5762-4DF5-A964-0941B3E60E53}.Ad-Hoc|x86.Build.0 = Release|x86
		{79258903-5762-4DF5-A964-0941B3E60E53}.Ad-Hoc|x86.Deploy.0 = Release|x86
		{79258903-5762-4DF5-A964-0941B3E60E53}.AppStore|Any CPU.ActiveCfg = Release|x86
		{79258903-5762-4DF5-A964-0941B3E60E53}.AppStore|Any CPU.Build.0 = Release|x86
		{79258903-5762-4DF5-A964-0941B3E60E53}.AppStore|Any CPU.Deploy.0 = Release|x86
		{79258903-5762-4DF5-A964-0941B3E60E53}.AppStore|ARM.ActiveCfg = Release|ARM
		{79258903-5762-4DF5-A964-0941B3E60E53}.AppStore|ARM.Build.0 = Release|ARM
		{79258903-5762-4DF5-A964-0941B3E60E53}.AppStore|ARM.Deploy.0 = Release|ARM
		{79258903-5762-4DF5-A964-0941B3E60E53}.AppStore|iPhone.ActiveCfg = Release|x86
		{79258903-5762-4DF5-A964-0941B3E60E53}.AppStore|iPhone.Build.0 = Release|x86
		{79258903-5762-4DF5-A964-0941B3E60E53}.AppStore|iPhone.Deploy.0 = Release|x86
		{79258903-5762-4DF5-A964-0941B3E60E53}.AppStore|iPhoneSimulator.ActiveCfg = Release|x86
		{79258903-5762-4DF5-A964-0941B3E60E53}.AppStore|iPhoneSimulator.Build.0 = Release|x86
		{79258903-5762-4DF5-A964-0941B3E60E53}.AppStore|iPhoneSimulator.Deploy.0 = Release|x86
		{79258903-5762-4DF5-A964-0941B3E60E53}.AppStore|x64.ActiveCfg = Release|x64
		{79258903-5762-4DF5-A964-0941B3E60E53}.AppStore|x64.Build.0 = Release|x64
		{79258903-5762-4DF5-A964-0941B3E60E53}.AppStore|x64.Deploy.0 = Release|x64
		{79258903-5762-4DF5-A964-0941B3E60E53}.AppStore|x86.ActiveCfg = Release|x86
		{79258903-5762-4DF5-A964-0941B3E60E53}.AppStore|x86.Build.0 = Release|x86
		{79258903-5762-4DF5-A964-0941B3E60E53}.AppStore|x86.Deploy.0 = Release|x86
		{79258903-5762-4DF5-A964-0941B3E60E53}.Debug|Any CPU.ActiveCfg = Debug|x86
		{79258903-5762-4DF5-A964-0941B3E60E53}.Debug|ARM.ActiveCfg = Debug|ARM
		{79258903-5762-4DF5-A964-0941B3E60E53}.Debug|ARM.Build.0 = Debug|ARM
		{79258903-5762-4DF5-A964-0941B3E60E53}.Debug|ARM.Deploy.0 = Debug|ARM
		{79258903-5762-4DF5-A964-0941B3E60E53}.Debug|iPhone.ActiveCfg = Debug|x86
		{79258903-5762-4DF5-A964-0941B3E60E53}.Debug|iPhoneSimulator.ActiveCfg = Debug|x86
		{79258903-5762-4DF5-A964-0941B3E60E53}.Debug|x64.ActiveCfg = Debug|x64
		{79258903-5762-4DF5-A964-0941B3E60E53}.Debug|x64.Build.0 = Debug|x64
		{79258903-5762-4DF5-A964-0941B3E60E53}.Debug|x64.Deploy.0 = Debug|x64
		{79258903-5762-4DF5-A964-0941B3E60E53}.Debug|x86.ActiveCfg = Debug|x86
		{79258903-5762-4DF5-A964-0941B3E60E53}.Debug|x86.Build.0 = Debug|x86
		{79258903-5762-4DF5-A964-0941B3E60E53}.Debug|x86.Deploy.0 = Debug|x86
		{79258903-5762-4DF5-A964-0941B3E60E53}.Release|Any CPU.ActiveCfg = Release|x86
		{79258903-5762-4DF5-A964-0941B3E60E53}.Release|ARM.ActiveCfg = Release|ARM
		{79258903-5762-4DF5-A964-0941B3E60E53}.Release|ARM.Build.0 = Release|ARM
		{79258903-5762-4DF5-A964-0941B3E60E53}.Release|ARM.Deploy.0 = Release|ARM
		{79258903-5762-4DF5-A964-0941B3E60E53}.Release|iPhone.ActiveCfg = Release|x86
		{79258903-5762-4DF5-A964-0941B3E60E53}.Release|iPhoneSimulator.ActiveCfg = Release|x86
		{79258903-5762-4DF5-A964-0941B3E60E53}.Release|x64.ActiveCfg = Release|x64
		{79258903-5762-4DF5-A964-0941B3E60E53}.Release|x64.Build.0 = Release|x64
		{79258903-5762-4DF5-A964-0941B3E60E53}.Release|x64.Deploy.0 = Release|x64
		{79258903-5762-4DF5-A964-0941B3E60E53}.Release|x86.ActiveCfg = Release|x86
		{79258903-5762-4DF5-A964-0941B3E60E53}.Release|x86.Build.0 = Release|x86
		{79258903-5762-4DF5-A964-0941B3E60E53}.Release|x86.Deploy.0 = Release|x86
		{D2147492-DD61-4766-A8C5-CF08D901AC22}.Ad-Hoc|Any CPU.ActiveCfg = Release|Any CPU
		{D2147492-DD61-4766-A8C5-CF08D901AC22}.Ad-Hoc|Any CPU.Build.0 = Release|Any CPU
		{D2147492-DD61-4766-A8C5-CF08D901AC22}.Ad-Hoc|ARM.ActiveCfg = Release|ARM
		{D2147492-DD61-4766-A8C5-CF08D901AC22}.Ad-Hoc|ARM.Build.0 = Release|ARM
		{D2147492-DD61-4766-A8C5-CF08D901AC22}.Ad-Hoc|iPhone.ActiveCfg = Release|Any CPU
		{D2147492-DD61-4766-A8C5-CF08D901AC22}.Ad-Hoc|iPhone.Build.0 = Release|Any CPU
		{D2147492-DD61-4766-A8C5-CF08D901AC22}.Ad-Hoc|iPhoneSimulator.ActiveCfg = Release|Any CPU
		{D2147492-DD61-4766-A8C5-CF08D901AC22}.Ad-Hoc|iPhoneSimulator.Build.0 = Release|Any CPU
		{D2147492-DD61-4766-A8C5-CF08D901AC22}.Ad-Hoc|x64.ActiveCfg = Release|x64
		{D2147492-DD61-4766-A8C5-CF08D901AC22}.Ad-Hoc|x64.Build.0 = Release|x64
		{D2147492-DD61-4766-A8C5-CF08D901AC22}.Ad-Hoc|x86.ActiveCfg = Release|x86
		{D2147492-DD61-4766-A8C5-CF08D901AC22}.Ad-Hoc|x86.Build.0 = Release|x86
		{D2147492-DD61-4766-A8C5-CF08D901AC22}.AppStore|Any CPU.ActiveCfg = Release|Any CPU
		{D2147492-DD61-4766-A8C5-CF08D901AC22}.AppStore|Any CPU.Build.0 = Release|Any CPU
		{D2147492-DD61-4766-A8C5-CF08D901AC22}.AppStore|ARM.ActiveCfg = Release|ARM
		{D2147492-DD61-4766-A8C5-CF08D901AC22}.AppStore|ARM.Build.0 = Release|ARM
		{D2147492-DD61-4766-A8C5-CF08D901AC22}.AppStore|iPhone.ActiveCfg = Release|Any CPU
		{D2147492-DD61-4766-A8C5-CF08D901AC22}.AppStore|iPhone.Build.0 = Release|Any CPU
		{D2147492-DD61-4766-A8C5-CF08D901AC22}.AppStore|iPhoneSimulator.ActiveCfg = Release|Any CPU
		{D2147492-DD61-4766-A8C5-CF08D901AC22}.AppStore|iPhoneSimulator.Build.0 = Release|Any CPU
		{D2147492-DD61-4766-A8C5-CF08D901AC22}.AppStore|x64.ActiveCfg = Release|x64
		{D2147492-DD61-4766-A8C5-CF08D901AC22}.AppStore|x64.Build.0 = Release|x64
		{D2147492-DD61-4766-A8C5-CF08D901AC22}.AppStore|x86.ActiveCfg = Release|x86
		{D2147492-DD61-4766-A8C5-CF08D901AC22}.AppStore|x86.Build.0 = Release|x86
		{D2147492-DD61-4766-A8C5-CF08D901AC22}.Debug|Any CPU.ActiveCfg = Debug|Any CPU
		{D2147492-DD61-4766-A8C5-CF08D901AC22}.Debug|Any CPU.Build.0 = Debug|Any CPU
		{D2147492-DD61-4766-A8C5-CF08D901AC22}.Debug|ARM.ActiveCfg = Debug|ARM
		{D2147492-DD61-4766-A8C5-CF08D901AC22}.Debug|ARM.Build.0 = Debug|ARM
		{D2147492-DD61-4766-A8C5-CF08D901AC22}.Debug|iPhone.ActiveCfg = Debug|Any CPU
		{D2147492-DD61-4766-A8C5-CF08D901AC22}.Debug|iPhone.Build.0 = Debug|Any CPU
		{D2147492-DD61-4766-A8C5-CF08D901AC22}.Debug|iPhoneSimulator.ActiveCfg = Debug|Any CPU
		{D2147492-DD61-4766-A8C5-CF08D901AC22}.Debug|iPhoneSimulator.Build.0 = Debug|Any CPU
		{D2147492-DD61-4766-A8C5-CF08D901AC22}.Debug|x64.ActiveCfg = Debug|x64
		{D2147492-DD61-4766-A8C5-CF08D901AC22}.Debug|x64.Build.0 = Debug|x64
		{D2147492-DD61-4766-A8C5-CF08D901AC22}.Debug|x86.ActiveCfg = Debug|x86
		{D2147492-DD61-4766-A8C5-CF08D901AC22}.Debug|x86.Build.0 = Debug|x86
		{D2147492-DD61-4766-A8C5-CF08D901AC22}.Release|Any CPU.ActiveCfg = Release|Any CPU
		{D2147492-DD61-4766-A8C5-CF08D901AC22}.Release|Any CPU.Build.0 = Release|Any CPU
		{D2147492-DD61-4766-A8C5-CF08D901AC22}.Release|ARM.ActiveCfg = Release|ARM
		{D2147492-DD61-4766-A8C5-CF08D901AC22}.Release|ARM.Build.0 = Release|ARM
		{D2147492-DD61-4766-A8C5-CF08D901AC22}.Release|iPhone.ActiveCfg = Release|Any CPU
		{D2147492-DD61-4766-A8C5-CF08D901AC22}.Release|iPhone.Build.0 = Release|Any CPU
		{D2147492-DD61-4766-A8C5-CF08D901AC22}.Release|iPhoneSimulator.ActiveCfg = Release|Any CPU
		{D2147492-DD61-4766-A8C5-CF08D901AC22}.Release|iPhoneSimulator.Build.0 = Release|Any CPU
		{D2147492-DD61-4766-A8C5-CF08D901AC22}.Release|x64.ActiveCfg = Release|x64
		{D2147492-DD61-4766-A8C5-CF08D901AC22}.Release|x64.Build.0 = Release|x64
		{D2147492-DD61-4766-A8C5-CF08D901AC22}.Release|x86.ActiveCfg = Release|x86
		{D2147492-DD61-4766-A8C5-CF08D901AC22}.Release|x86.Build.0 = Release|x86
		{7E14703D-9C63-480B-ADB9-9576FA3550E0}.Ad-Hoc|Any CPU.ActiveCfg = Release|Any CPU
		{7E14703D-9C63-480B-ADB9-9576FA3550E0}.Ad-Hoc|Any CPU.Build.0 = Release|Any CPU
		{7E14703D-9C63-480B-ADB9-9576FA3550E0}.Ad-Hoc|ARM.ActiveCfg = Release|Any CPU
		{7E14703D-9C63-480B-ADB9-9576FA3550E0}.Ad-Hoc|ARM.Build.0 = Release|Any CPU
		{7E14703D-9C63-480B-ADB9-9576FA3550E0}.Ad-Hoc|iPhone.ActiveCfg = Release|Any CPU
		{7E14703D-9C63-480B-ADB9-9576FA3550E0}.Ad-Hoc|iPhone.Build.0 = Release|Any CPU
		{7E14703D-9C63-480B-ADB9-9576FA3550E0}.Ad-Hoc|iPhoneSimulator.ActiveCfg = Release|Any CPU
		{7E14703D-9C63-480B-ADB9-9576FA3550E0}.Ad-Hoc|iPhoneSimulator.Build.0 = Release|Any CPU
		{7E14703D-9C63-480B-ADB9-9576FA3550E0}.Ad-Hoc|x64.ActiveCfg = Release|Any CPU
		{7E14703D-9C63-480B-ADB9-9576FA3550E0}.Ad-Hoc|x64.Build.0 = Release|Any CPU
		{7E14703D-9C63-480B-ADB9-9576FA3550E0}.Ad-Hoc|x86.ActiveCfg = Release|Any CPU
		{7E14703D-9C63-480B-ADB9-9576FA3550E0}.Ad-Hoc|x86.Build.0 = Release|Any CPU
		{7E14703D-9C63-480B-ADB9-9576FA3550E0}.AppStore|Any CPU.ActiveCfg = Release|Any CPU
		{7E14703D-9C63-480B-ADB9-9576FA3550E0}.AppStore|Any CPU.Build.0 = Release|Any CPU
		{7E14703D-9C63-480B-ADB9-9576FA3550E0}.AppStore|ARM.ActiveCfg = Release|Any CPU
		{7E14703D-9C63-480B-ADB9-9576FA3550E0}.AppStore|ARM.Build.0 = Release|Any CPU
		{7E14703D-9C63-480B-ADB9-9576FA3550E0}.AppStore|iPhone.ActiveCfg = Release|Any CPU
		{7E14703D-9C63-480B-ADB9-9576FA3550E0}.AppStore|iPhone.Build.0 = Release|Any CPU
		{7E14703D-9C63-480B-ADB9-9576FA3550E0}.AppStore|iPhoneSimulator.ActiveCfg = Release|Any CPU
		{7E14703D-9C63-480B-ADB9-9576FA3550E0}.AppStore|iPhoneSimulator.Build.0 = Release|Any CPU
		{7E14703D-9C63-480B-ADB9-9576FA3550E0}.AppStore|x64.ActiveCfg = Release|Any CPU
		{7E14703D-9C63-480B-ADB9-9576FA3550E0}.AppStore|x64.Build.0 = Release|Any CPU
		{7E14703D-9C63-480B-ADB9-9576FA3550E0}.AppStore|x86.ActiveCfg = Release|Any CPU
		{7E14703D-9C63-480B-ADB9-9576FA3550E0}.AppStore|x86.Build.0 = Release|Any CPU
		{7E14703D-9C63-480B-ADB9-9576FA3550E0}.Debug|Any CPU.ActiveCfg = Debug|Any CPU
		{7E14703D-9C63-480B-ADB9-9576FA3550E0}.Debug|Any CPU.Build.0 = Debug|Any CPU
		{7E14703D-9C63-480B-ADB9-9576FA3550E0}.Debug|ARM.ActiveCfg = Debug|Any CPU
		{7E14703D-9C63-480B-ADB9-9576FA3550E0}.Debug|ARM.Build.0 = Debug|Any CPU
		{7E14703D-9C63-480B-ADB9-9576FA3550E0}.Debug|iPhone.ActiveCfg = Debug|Any CPU
		{7E14703D-9C63-480B-ADB9-9576FA3550E0}.Debug|iPhone.Build.0 = Debug|Any CPU
		{7E14703D-9C63-480B-ADB9-9576FA3550E0}.Debug|iPhoneSimulator.ActiveCfg = Debug|Any CPU
		{7E14703D-9C63-480B-ADB9-9576FA3550E0}.Debug|iPhoneSimulator.Build.0 = Debug|Any CPU
		{7E14703D-9C63-480B-ADB9-9576FA3550E0}.Debug|x64.ActiveCfg = Debug|Any CPU
		{7E14703D-9C63-480B-ADB9-9576FA3550E0}.Debug|x64.Build.0 = Debug|Any CPU
		{7E14703D-9C63-480B-ADB9-9576FA3550E0}.Debug|x86.ActiveCfg = Debug|Any CPU
		{7E14703D-9C63-480B-ADB9-9576FA3550E0}.Debug|x86.Build.0 = Debug|Any CPU
		{7E14703D-9C63-480B-ADB9-9576FA3550E0}.Release|Any CPU.ActiveCfg = Release|Any CPU
		{7E14703D-9C63-480B-ADB9-9576FA3550E0}.Release|Any CPU.Build.0 = Release|Any CPU
		{7E14703D-9C63-480B-ADB9-9576FA3550E0}.Release|ARM.ActiveCfg = Release|Any CPU
		{7E14703D-9C63-480B-ADB9-9576FA3550E0}.Release|ARM.Build.0 = Release|Any CPU
		{7E14703D-9C63-480B-ADB9-9576FA3550E0}.Release|iPhone.ActiveCfg = Release|Any CPU
		{7E14703D-9C63-480B-ADB9-9576FA3550E0}.Release|iPhone.Build.0 = Release|Any CPU
		{7E14703D-9C63-480B-ADB9-9576FA3550E0}.Release|iPhoneSimulator.ActiveCfg = Release|Any CPU
		{7E14703D-9C63-480B-ADB9-9576FA3550E0}.Release|iPhoneSimulator.Build.0 = Release|Any CPU
		{7E14703D-9C63-480B-ADB9-9576FA3550E0}.Release|x64.ActiveCfg = Release|Any CPU
		{7E14703D-9C63-480B-ADB9-9576FA3550E0}.Release|x64.Build.0 = Release|Any CPU
		{7E14703D-9C63-480B-ADB9-9576FA3550E0}.Release|x86.ActiveCfg = Release|Any CPU
		{7E14703D-9C63-480B-ADB9-9576FA3550E0}.Release|x86.Build.0 = Release|Any CPU
	EndGlobalSection
	GlobalSection(SolutionProperties) = preSolution
		HideSolutionNode = FALSE
	EndGlobalSection
EndGlobal
